
Microsoft Visual Studio Solution File, Format Version 12.00
# Visual Studio Version 16
VisualStudioVersion = 16.0.31313.79
MinimumVisualStudioVersion = 10.0.40219.1
Project("{FAE04EC0-301F-11D3-BF4B-00C04F79EFBC}") = "Pokemon", "Pokemon\Pokemon.csproj", "{78644923-73C7-406B-B940-335CC641D72B}"
EndProject
Global
	GlobalSection(SolutionConfigurationPlatforms) = preSolution
		Debug|Any CPU = Debug|Any CPU
		Release|Any CPU = Release|Any CPU
	EndGlobalSection
	GlobalSection(ProjectConfigurationPlatforms) = postSolution
		{78644923-73C7-406B-B940-335CC641D72B}.Debug|Any CPU.ActiveCfg = Debug|Any CPU
		{78644923-73C7-406B-B940-335CC641D72B}.Debug|Any CPU.Build.0 = Debug|Any CPU
		{78644923-73C7-406B-B940-335CC641D72B}.Release|Any CPU.ActiveCfg = Release|Any CPU
		{78644923-73C7-406B-B940-335CC641D72B}.Release|Any CPU.Build.0 = Release|Any CPU
	EndGlobalSection
	GlobalSection(SolutionProperties) = preSolution
		HideSolutionNode = FALSE
	EndGlobalSection
	GlobalSection(ExtensibilityGlobals) = postSolution
		SolutionGuid = {5B156C2D-B011-423C-B7F7-B58C9D22141D}
	EndGlobalSection
EndGlobal
